// !$*UTF8*$!
{
	archiveVersion = 1;
	classes = {
	};
	objectVersion = 46;
	objects = {

/* Begin PBXBuildFile section */
		86291AEF1CAC021B00A3E906 /* AppDelegate.swift in Sources */ = {isa = PBXBuildFile; fileRef = 86291AEE1CAC021B00A3E906 /* AppDelegate.swift */; };
		86291AF11CAC021B00A3E906 /* ViewController.swift in Sources */ = {isa = PBXBuildFile; fileRef = 86291AF01CAC021B00A3E906 /* ViewController.swift */; };
		86291AF41CAC021B00A3E906 /* Main.storyboard in Resources */ = {isa = PBXBuildFile; fileRef = 86291AF21CAC021B00A3E906 /* Main.storyboard */; };
		86291AF61CAC021B00A3E906 /* Assets.xcassets in Resources */ = {isa = PBXBuildFile; fileRef = 86291AF51CAC021B00A3E906 /* Assets.xcassets */; };
		86291AF91CAC021B00A3E906 /* LaunchScreen.storyboard in Resources */ = {isa = PBXBuildFile; fileRef = 86291AF71CAC021B00A3E906 /* LaunchScreen.storyboard */; };
		86291B0C1CAC08F500A3E906 /* SystemConfiguration.framework in Frameworks */ = {isa = PBXBuildFile; fileRef = 86291B0B1CAC08F500A3E906 /* SystemConfiguration.framework */; };
		86291B301CAC2FCA00A3E906 /* CoreTelephony.framework in Frameworks */ = {isa = PBXBuildFile; fileRef = 86291B051CAC08AE00A3E906 /* CoreTelephony.framework */; };
		862A3EDA1CAD2F5A004D88F6 /* taiyang.png in Resources */ = {isa = PBXBuildFile; fileRef = 862A3ED91CAD2F5A004D88F6 /* taiyang.png */; };
		862A3EDC1CAD2FC9004D88F6 /* 5040049.png in Resources */ = {isa = PBXBuildFile; fileRef = 862A3EDB1CAD2FC9004D88F6 /* 5040049.png */; };
		862A3EE01CAD32B1004D88F6 /* docfile.doc in Resources */ = {isa = PBXBuildFile; fileRef = 862A3EDF1CAD32B1004D88F6 /* docfile.doc */; };
		862A3EE21CAD35E6004D88F6 /* ML.pdf in Resources */ = {isa = PBXBuildFile; fileRef = 862A3EE11CAD35E6004D88F6 /* ML.pdf */; };
		862A3EE41CAD36D8004D88F6 /* res6.gif in Resources */ = {isa = PBXBuildFile; fileRef = 862A3EE31CAD36D8004D88F6 /* res6.gif */; };
		86AC00D21CAC3AE600819F51 /* libWeChatSDK.a in Frameworks */ = {isa = PBXBuildFile; fileRef = 86AC00CF1CAC3AE600819F51 /* libWeChatSDK.a */; };
		86AC00D51CAC417200819F51 /* tiao1.png in Resources */ = {isa = PBXBuildFile; fileRef = 86AC00D41CAC417200819F51 /* tiao1.png */; };
		86E757EF1CAC376E00380277 /* libc++.tbd in Frameworks */ = {isa = PBXBuildFile; fileRef = 86E757EE1CAC376E00380277 /* libc++.tbd */; };
		86E757F11CAC378F00380277 /* libsqlite3.0.tbd in Frameworks */ = {isa = PBXBuildFile; fileRef = 86E757F01CAC378F00380277 /* libsqlite3.0.tbd */; };
		86E757F31CAC379C00380277 /* libz.tbd in Frameworks */ = {isa = PBXBuildFile; fileRef = 86E757F21CAC379C00380277 /* libz.tbd */; };
/* End PBXBuildFile section */

/* Begin PBXFileReference section */
		86291AEB1CAC021B00A3E906 /* Wechatshare.app */ = {isa = PBXFileReference; explicitFileType = wrapper.application; includeInIndex = 0; path = Wechatshare.app; sourceTree = BUILT_PRODUCTS_DIR; };
		86291AEE1CAC021B00A3E906 /* AppDelegate.swift */ = {isa = PBXFileReference; lastKnownFileType = sourcecode.swift; path = AppDelegate.swift; sourceTree = "<group>"; };
		86291AF01CAC021B00A3E906 /* ViewController.swift */ = {isa = PBXFileReference; lastKnownFileType = sourcecode.swift; path = ViewController.swift; sourceTree = "<group>"; };
		86291AF31CAC021B00A3E906 /* Base */ = {isa = PBXFileReference; lastKnownFileType = file.storyboard; name = Base; path = Base.lproj/Main.storyboard; sourceTree = "<group>"; };
		86291AF51CAC021B00A3E906 /* Assets.xcassets */ = {isa = PBXFileReference; lastKnownFileType = folder.assetcatalog; path = Assets.xcassets; sourceTree = "<group>"; };
		86291AF81CAC021B00A3E906 /* Base */ = {isa = PBXFileReference; lastKnownFileType = file.storyboard; name = Base; path = Base.lproj/LaunchScreen.storyboard; sourceTree = "<group>"; };
		86291AFA1CAC021B00A3E906 /* Info.plist */ = {isa = PBXFileReference; lastKnownFileType = text.plist.xml; path = Info.plist; sourceTree = "<group>"; };
		86291B021CAC071E00A3E906 /* bridge.h */ = {isa = PBXFileReference; lastKnownFileType = sourcecode.c.h; name = bridge.h; path = ../bridge.h; sourceTree = "<group>"; };
		86291B051CAC08AE00A3E906 /* CoreTelephony.framework */ = {isa = PBXFileReference; lastKnownFileType = wrapper.framework; name = CoreTelephony.framework; path = System/Library/Frameworks/CoreTelephony.framework; sourceTree = SDKROOT; };
		86291B0B1CAC08F500A3E906 /* SystemConfiguration.framework */ = {isa = PBXFileReference; lastKnownFileType = wrapper.framework; name = SystemConfiguration.framework; path = System/Library/Frameworks/SystemConfiguration.framework; sourceTree = SDKROOT; };
		862A3ED91CAD2F5A004D88F6 /* taiyang.png */ = {isa = PBXFileReference; lastKnownFileType = image.png; name = taiyang.png; path = ../../../Desktop/taiyang.png; sourceTree = "<group>"; };
		862A3EDB1CAD2FC9004D88F6 /* 5040049.png */ = {isa = PBXFileReference; lastKnownFileType = image.png; name = 5040049.png; path = ../../../Downloads/1/5040049.png; sourceTree = "<group>"; };
		862A3EDF1CAD32B1004D88F6 /* docfile.doc */ = {isa = PBXFileReference; lastKnownFileType = file; name = docfile.doc; path = ../../../Downloads/docfile.doc; sourceTree = "<group>"; };
		862A3EE11CAD35E6004D88F6 /* ML.pdf */ = {isa = PBXFileReference; lastKnownFileType = image.pdf; name = ML.pdf; path = ../../../Downloads/ML.pdf; sourceTree = "<group>"; };
		862A3EE31CAD36D8004D88F6 /* res6.gif */ = {isa = PBXFileReference; lastKnownFileType = image.gif; name = res6.gif; path = ../../../Downloads/res6.gif; sourceTree = "<group>"; };
		86AC00CF1CAC3AE600819F51 /* libWeChatSDK.a */ = {isa = PBXFileReference; lastKnownFileType = archive.ar; path = libWeChatSDK.a; sourceTree = "<group>"; };
		86AC00D01CAC3AE600819F51 /* WechatAuthSDK.h */ = {isa = PBXFileReference; fileEncoding = 4; lastKnownFileType = sourcecode.c.h; path = WechatAuthSDK.h; sourceTree = "<group>"; };
		86AC00D11CAC3AE600819F51 /* WXApi.h */ = {isa = PBXFileReference; fileEncoding = 4; lastKnownFileType = sourcecode.c.h; path = WXApi.h; sourceTree = "<group>"; };
		86AC00D31CAC3B5400819F51 /* WXApiObject.h */ = {isa = PBXFileReference; fileEncoding = 4; lastKnownFileType = sourcecode.c.h; path = WXApiObject.h; sourceTree = "<group>"; };
		86AC00D41CAC417200819F51 /* tiao1.png */ = {isa = PBXFileReference; lastKnownFileType = image.png; name = tiao1.png; path = ../../../Desktop/tiao1.png; sourceTree = "<group>"; };
		86E757EE1CAC376E00380277 /* libc++.tbd */ = {isa = PBXFileReference; lastKnownFileType = "sourcecode.text-based-dylib-definition"; name = "libc++.tbd"; path = "usr/lib/libc++.tbd"; sourceTree = SDKROOT; };
		86E757F01CAC378F00380277 /* libsqlite3.0.tbd */ = {isa = PBXFileReference; lastKnownFileType = "sourcecode.text-based-dylib-definition"; name = libsqlite3.0.tbd; path = usr/lib/libsqlite3.0.tbd; sourceTree = SDKROOT; };
		86E757F21CAC379C00380277 /* libz.tbd */ = {isa = PBXFileReference; lastKnownFileType = "sourcecode.text-based-dylib-definition"; name = libz.tbd; path = usr/lib/libz.tbd; sourceTree = SDKROOT; };
/* End PBXFileReference section */

/* Begin PBXFrameworksBuildPhase section */
		86291AE81CAC021B00A3E906 /* Frameworks */ = {
			isa = PBXFrameworksBuildPhase;
			buildActionMask = 2147483647;
			files = (
				86E757F31CAC379C00380277 /* libz.tbd in Frameworks */,
				86E757F11CAC378F00380277 /* libsqlite3.0.tbd in Frameworks */,
				86AC00D21CAC3AE600819F51 /* libWeChatSDK.a in Frameworks */,
				86E757EF1CAC376E00380277 /* libc++.tbd in Frameworks */,
				86291B301CAC2FCA00A3E906 /* CoreTelephony.framework in Frameworks */,
				86291B0C1CAC08F500A3E906 /* SystemConfiguration.framework in Frameworks */,
			);
			runOnlyForDeploymentPostprocessing = 0;
		};
/* End PBXFrameworksBuildPhase section */

/* Begin PBXGroup section */
		86291AE21CAC021B00A3E906 = {
			isa = PBXGroup;
			children = (
				86E757F21CAC379C00380277 /* libz.tbd */,
				86E757F01CAC378F00380277 /* libsqlite3.0.tbd */,
				86E757EE1CAC376E00380277 /* libc++.tbd */,
				86291B0B1CAC08F500A3E906 /* SystemConfiguration.framework */,
				86291B051CAC08AE00A3E906 /* CoreTelephony.framework */,
				86291AED1CAC021B00A3E906 /* Wechatshare */,
				86291AEC1CAC021B00A3E906 /* Products */,
			);
			sourceTree = "<group>";
		};
		86291AEC1CAC021B00A3E906 /* Products */ = {
			isa = PBXGroup;
			children = (
				86291AEB1CAC021B00A3E906 /* Wechatshare.app */,
			);
			name = Products;
			sourceTree = "<group>";
		};
		86291AED1CAC021B00A3E906 /* Wechatshare */ = {
			isa = PBXGroup;
			children = (
				862A3EE31CAD36D8004D88F6 /* res6.gif */,
				862A3EE11CAD35E6004D88F6 /* ML.pdf */,
				86AC00D31CAC3B5400819F51 /* WXApiObject.h */,
				86AC00CF1CAC3AE600819F51 /* libWeChatSDK.a */,
				86AC00D01CAC3AE600819F51 /* WechatAuthSDK.h */,
				862A3EDF1CAD32B1004D88F6 /* docfile.doc */,
				86AC00D11CAC3AE600819F51 /* WXApi.h */,
				86291B021CAC071E00A3E906 /* bridge.h */,
				86291AEE1CAC021B00A3E906 /* AppDelegate.swift */,
				86291AF01CAC021B00A3E906 /* ViewController.swift */,
				86291AF21CAC021B00A3E906 /* Main.storyboard */,
				862A3EDB1CAD2FC9004D88F6 /* 5040049.png */,
				862A3ED91CAD2F5A004D88F6 /* taiyang.png */,
				86AC00D41CAC417200819F51 /* tiao1.png */,
				86291AF51CAC021B00A3E906 /* Assets.xcassets */,
				86291AF71CAC021B00A3E906 /* LaunchScreen.storyboard */,
				86291AFA1CAC021B00A3E906 /* Info.plist */,
			);
			path = Wechatshare;
			sourceTree = "<group>";
		};
/* End PBXGroup section */

/* Begin PBXNativeTarget section */
		86291AEA1CAC021B00A3E906 /* Wechatshare */ = {
			isa = PBXNativeTarget;
			buildConfigurationList = 86291AFD1CAC021B00A3E906 /* Build configuration list for PBXNativeTarget "Wechatshare" */;
			buildPhases = (
				86291AE71CAC021B00A3E906 /* Sources */,
				86291AE81CAC021B00A3E906 /* Frameworks */,
				86291AE91CAC021B00A3E906 /* Resources */,
			);
			buildRules = (
			);
			dependencies = (
			);
			name = Wechatshare;
			productName = Wechatshare;
			productReference = 86291AEB1CAC021B00A3E906 /* Wechatshare.app */;
			productType = "com.apple.product-type.application";
		};
/* End PBXNativeTarget section */

/* Begin PBXProject section */
		86291AE31CAC021B00A3E906 /* Project object */ = {
			isa = PBXProject;
			attributes = {
				LastSwiftUpdateCheck = 0720;
				LastUpgradeCheck = 0720;
				ORGANIZATIONNAME = Gavin;
				TargetAttributes = {
					86291AEA1CAC021B00A3E906 = {
						CreatedOnToolsVersion = 7.2.1;
					};
				};
			};
			buildConfigurationList = 86291AE61CAC021B00A3E906 /* Build configuration list for PBXProject "Wechatshare" */;
			compatibilityVersion = "Xcode 3.2";
			developmentRegion = English;
			hasScannedForEncodings = 0;
			knownRegions = (
				en,
				Base,
			);
			mainGroup = 86291AE21CAC021B00A3E906;
			productRefGroup = 86291AEC1CAC021B00A3E906 /* Products */;
			projectDirPath = "";
			projectRoot = "";
			targets = (
				86291AEA1CAC021B00A3E906 /* Wechatshare */,
			);
		};
/* End PBXProject section */

/* Begin PBXResourcesBuildPhase section */
		86291AE91CAC021B00A3E906 /* Resources */ = {
			isa = PBXResourcesBuildPhase;
			buildActionMask = 2147483647;
			files = (
				862A3EE01CAD32B1004D88F6 /* docfile.doc in Resources */,
				86291AF91CAC021B00A3E906 /* LaunchScreen.storyboard in Resources */,
				86291AF61CAC021B00A3E906 /* Assets.xcassets in Resources */,
				862A3EDC1CAD2FC9004D88F6 /* 5040049.png in Resources */,
				862A3EDA1CAD2F5A004D88F6 /* taiyang.png in Resources */,
				86AC00D51CAC417200819F51 /* tiao1.png in Resources */,
				86291AF41CAC021B00A3E906 /* Main.storyboard in Resources */,
				862A3EE41CAD36D8004D88F6 /* res6.gif in Resources */,
				862A3EE21CAD35E6004D88F6 /* ML.pdf in Resources */,
			);
			runOnlyForDeploymentPostprocessing = 0;
		};
/* End PBXResourcesBuildPhase section */

/* Begin PBXSourcesBuildPhase section */
		86291AE71CAC021B00A3E906 /* Sources */ = {
			isa = PBXSourcesBuildPhase;
			buildActionMask = 2147483647;
			files = (
				86291AF11CAC021B00A3E906 /* ViewController.swift in Sources */,
				86291AEF1CAC021B00A3E906 /* AppDelegate.swift in Sources */,
			);
			runOnlyForDeploymentPostprocessing = 0;
		};
/* End PBXSourcesBuildPhase section */

/* Begin PBXVariantGroup section */
		86291AF21CAC021B00A3E906 /* Main.storyboard */ = {
			isa = PBXVariantGroup;
			children = (
				86291AF31CAC021B00A3E906 /* Base */,
			);
			name = Main.storyboard;
			sourceTree = "<group>";
		};
		86291AF71CAC021B00A3E906 /* LaunchScreen.storyboard */ = {
			isa = PBXVariantGroup;
			children = (
				86291AF81CAC021B00A3E906 /* Base */,
			);
			name = LaunchScreen.storyboard;
			sourceTree = "<group>";
		};
/* End PBXVariantGroup section */

/* Begin XCBuildConfiguration section */
		86291AFB1CAC021B00A3E906 /* Debug */ = {
			isa = XCBuildConfiguration;
			buildSettings = {
				ALWAYS_SEARCH_USER_PATHS = NO;
				CLANG_CXX_LANGUAGE_STANDARD = "gnu++0x";
				CLANG_CXX_LIBRARY = "libc++";
				CLANG_ENABLE_MODULES = YES;
				CLANG_ENABLE_OBJC_ARC = YES;
				CLANG_WARN_BOOL_CONVERSION = YES;
				CLANG_WARN_CONSTANT_CONVERSION = YES;
				CLANG_WARN_DIRECT_OBJC_ISA_USAGE = YES_ERROR;
				CLANG_WARN_EMPTY_BODY = YES;
				CLANG_WARN_ENUM_CONVERSION = YES;
				CLANG_WARN_INT_CONVERSION = YES;
				CLANG_WARN_OBJC_ROOT_CLASS = YES_ERROR;
				CLANG_WARN_UNREACHABLE_CODE = YES;
				CLANG_WARN__DUPLICATE_METHOD_MATCH = YES;
				"CODE_SIGN_IDENTITY[sdk=iphoneos*]" = "iPhone Developer";
				COPY_PHASE_STRIP = NO;
				DEBUG_INFORMATION_FORMAT = dwarf;
				ENABLE_STRICT_OBJC_MSGSEND = YES;
				ENABLE_TESTABILITY = YES;
				GCC_C_LANGUAGE_STANDARD = gnu99;
				GCC_DYNAMIC_NO_PIC = NO;
				GCC_NO_COMMON_BLOCKS = YES;
				GCC_OPTIMIZATION_LEVEL = 0;
				GCC_PREPROCESSOR_DEFINITIONS = (
					"DEBUG=1",
					"$(inherited)",
				);
				GCC_WARN_64_TO_32_BIT_CONVERSION = YES;
				GCC_WARN_ABOUT_RETURN_TYPE = YES_ERROR;
				GCC_WARN_UNDECLARED_SELECTOR = YES;
				GCC_WARN_UNINITIALIZED_AUTOS = YES_AGGRESSIVE;
				GCC_WARN_UNUSED_FUNCTION = YES;
				GCC_WARN_UNUSED_VARIABLE = YES;
				IPHONEOS_DEPLOYMENT_TARGET = 9.2;
				MTL_ENABLE_DEBUG_INFO = YES;
				ONLY_ACTIVE_ARCH = YES;
				SDKROOT = iphoneos;
				SWIFT_OPTIMIZATION_LEVEL = "-Onone";
				TARGETED_DEVICE_FAMILY = "1,2";
			};
			name = Debug;
		};
		86291AFC1CAC021B00A3E906 /* Release */ = {
			isa = XCBuildConfiguration;
			buildSettings = {
				ALWAYS_SEARCH_USER_PATHS = NO;
				CLANG_CXX_LANGUAGE_STANDARD = "gnu++0x";
				CLANG_CXX_LIBRARY = "libc++";
				CLANG_ENABLE_MODULES = YES;
				CLANG_ENABLE_OBJC_ARC = YES;
				CLANG_WARN_BOOL_CONVERSION = YES;
				CLANG_WARN_CONSTANT_CONVERSION = YES;
				CLANG_WARN_DIRECT_OBJC_ISA_USAGE = YES_ERROR;
				CLANG_WARN_EMPTY_BODY = YES;
				CLANG_WARN_ENUM_CONVERSION = YES;
				CLANG_WARN_INT_CONVERSION = YES;
				CLANG_WARN_OBJC_ROOT_CLASS = YES_ERROR;
				CLANG_WARN_UNREACHABLE_CODE = YES;
				CLANG_WARN__DUPLICATE_METHOD_MATCH = YES;
				"CODE_SIGN_IDENTITY[sdk=iphoneos*]" = "iPhone Developer";
				COPY_PHASE_STRIP = NO;
				DEBUG_INFORMATION_FORMAT = "dwarf-with-dsym";
				ENABLE_NS_ASSERTIONS = NO;
				ENABLE_STRICT_OBJC_MSGSEND = YES;
				GCC_C_LANGUAGE_STANDARD = gnu99;
				GCC_NO_COMMON_BLOCKS = YES;
				GCC_WARN_64_TO_32_BIT_CONVERSION = YES;
				GCC_WARN_ABOUT_RETURN_TYPE = YES_ERROR;
				GCC_WARN_UNDECLARED_SELECTOR = YES;
				GCC_WARN_UNINITIALIZED_AUTOS = YES_AGGRESSIVE;
				GCC_WARN_UNUSED_FUNCTION = YES;
				GCC_WARN_UNUSED_VARIABLE = YES;
				IPHONEOS_DEPLOYMENT_TARGET = 9.2;
				MTL_ENABLE_DEBUG_INFO = NO;
				SDKROOT = iphoneos;
				TARGETED_DEVICE_FAMILY = "1,2";
				VALIDATE_PRODUCT = YES;
			};
			name = Release;
		};
		86291AFE1CAC021B00A3E906 /* Debug */ = {
			isa = XCBuildConfiguration;
			buildSettings = {
				ASSETCATALOG_COMPILER_APPICON_NAME = AppIcon;
				INFOPLIST_FILE = Wechatshare/Info.plist;
				LD_RUNPATH_SEARCH_PATHS = "$(inherited) @executable_path/Frameworks";
				LIBRARY_SEARCH_PATHS = (
					"$(inherited)",
					"$(PROJECT_DIR)/Wechatshare",
				);
				ONLY_ACTIVE_ARCH = YES;
				PRODUCT_BUNDLE_IDENTIFIER = Gavin.Wechatshare;
				PRODUCT_NAME = "$(TARGET_NAME)";
				SWIFT_OBJC_BRIDGING_HEADER = bridge.h;
				VALID_ARCHS = "armv7 armv7s arm64";
			};
			name = Debug;
		};
		86291AFF1CAC021B00A3E906 /* Release */ = {
			isa = XCBuildConfiguration;
			buildSettings = {
				ASSETCATALOG_COMPILER_APPICON_NAME = AppIcon;
				INFOPLIST_FILE = Wechatshare/Info.plist;
				LD_RUNPATH_SEARCH_PATHS = "$(inherited) @executable_path/Frameworks";
				LIBRARY_SEARCH_PATHS = (
					"$(inherited)",
					"$(PROJECT_DIR)/Wechatshare",
				);
				ONLY_ACTIVE_ARCH = YES;
				PRODUCT_BUNDLE_IDENTIFIER = Gavin.Wechatshare;
				PRODUCT_NAME = "$(TARGET_NAME)";
				SWIFT_OBJC_BRIDGING_HEADER = bridge.h;
				VALID_ARCHS = "armv7 armv7s arm64";
			};
			name = Release;
		};
/* End XCBuildConfiguration section */

/* Begin XCConfigurationList section */
		86291AE61CAC021B00A3E906 /* Build configuration list for PBXProject "Wechatshare" */ = {
			isa = XCConfigurationList;
			buildConfigurations = (
				86291AFB1CAC021B00A3E906 /* Debug */,
				86291AFC1CAC021B00A3E906 /* Release */,
			);
			defaultConfigurationIsVisible = 0;
			defaultConfigurationName = Release;
		};
		86291AFD1CAC021B00A3E906 /* Build configuration list for PBXNativeTarget "Wechatshare" */ = {
			isa = XCConfigurationList;
			buildConfigurations = (
				86291AFE1CAC021B00A3E906 /* Debug */,
				86291AFF1CAC021B00A3E906 /* Release */,
			);
			defaultConfigurationIsVisible = 0;
			defaultConfigurationName = Release;
		};
/* End XCConfigurationList section */
	};
	rootObject = 86291AE31CAC021B00A3E906 /* Project object */;
}
